{
  "name": "quokka-ses-plugin",
  "version": "1.0.0",
  "lockfileVersion": 3,
  "requires": true,
  "packages": {
    "": {
      "name": "quokka-ses-plugin",
      "version": "1.0.0",
      "license": "MIT",
      "dependencies": {
        "ses": "^0.18.1"
      }
    },
    "node_modules/ses": {
      "version": "0.18.1",
      "resolved": "https://registry.npmjs.org/ses/-/ses-0.18.1.tgz",
      "integrity": "sha512-TySWbVcVDL7V/5lSoPz2EgTirn9APy6ib7lYMsiQ8OkEMA4dVwc1a3REHEzOqjQ8g7f0bLWErOt5IbIMsxf5aQ=="
    }
  }
}
