{
  "name": "quokka-ses-plugin",
  "version": "1.1.0",
  "lockfileVersion": 3,
  "requires": true,
  "packages": {
    "": {
      "name": "quokka-ses-plugin",
      "version": "1.1.0",
      "license": "MIT",
      "dependencies": {
        "ses": "^0.18.2"
      }
    },
    "node_modules/ses": {
      "version": "0.18.2",
      "resolved": "https://registry.npmjs.org/ses/-/ses-0.18.2.tgz",
      "integrity": "sha512-AGoYxx1035q60uICxzkqMzzHf6bQuMtgTHWKnmv+qHjY/dAIKMgRT47HY/AdFquGbJCp17AEekBXFbITiS1YUA=="
    }
  }
}
