{
  "name": "quokka-ses-plugin",
  "version": "1.0.0",
  "lockfileVersion": 3,
  "requires": true,
  "packages": {
    "": {
      "name": "quokka-ses-plugin",
      "version": "1.0.0",
      "license": "MIT",
      "dependencies": {
        "@endo/init": "^0.5.54"
      }
    },
    "node_modules/@endo/base64": {
      "version": "0.2.30",
      "resolved": "https://registry.npmjs.org/@endo/base64/-/base64-0.2.30.tgz",
      "integrity": "sha512-muOykCcu78g6cc1lkMdSUwrlqyhjnnS1kK/5dik7zoxzZ/cRae+yQrDbrgnF6ahhOagvQZCJ/7GQzAGGfFk8Tg=="
    },
    "node_modules/@endo/eventual-send": {
      "version": "0.17.0",
      "resolved": "https://registry.npmjs.org/@endo/eventual-send/-/eventual-send-0.17.0.tgz",
      "integrity": "sha512-TbGDLQ9CNCVi9POLpkc8gMITsEpb0RTJqFCVii3BoLaFdmvKZRrIjkFnCMdMugUVQ8ArIYYayRAs5vZMailEIg=="
    },
    "node_modules/@endo/init": {
      "version": "0.5.54",
      "resolved": "https://registry.npmjs.org/@endo/init/-/init-0.5.54.tgz",
      "integrity": "sha512-PnjgUDg8ecbyQue9QgSQ79otTDFxCD5iiJy9elYf89i0A3q6aQT1BVreYqNFw8tmAD1DlgsVFIitosg8pVlCdA==",
      "dependencies": {
        "@endo/base64": "^0.2.30",
        "@endo/eventual-send": "^0.17.0",
        "@endo/lockdown": "^0.1.26",
        "@endo/promise-kit": "^0.2.54"
      }
    },
    "node_modules/@endo/lockdown": {
      "version": "0.1.26",
      "resolved": "https://registry.npmjs.org/@endo/lockdown/-/lockdown-0.1.26.tgz",
      "integrity": "sha512-ejA2Th6CcX1ioK836LM+eHz1CQpS2STFHbjNa/IzdpaBHY2l6fB5TPv/2teubwg2Cts6d6CwWoHzMgoVabg1/w==",
      "dependencies": {
        "ses": "^0.18.2"
      }
    },
    "node_modules/@endo/promise-kit": {
      "version": "0.2.54",
      "resolved": "https://registry.npmjs.org/@endo/promise-kit/-/promise-kit-0.2.54.tgz",
      "integrity": "sha512-vTfyAKT3eTM/mPIrSgtj1dnkAQD0uAeVmAu59xDrOj5Ql9Jh0QRvFGKaMqKM9FokXqrw8SqNSYYpmix5mVWrXQ==",
      "dependencies": {
        "ses": "^0.18.2"
      },
      "engines": {
        "node": ">=11.0"
      }
    },
    "node_modules/ses": {
      "version": "0.18.2",
      "resolved": "https://registry.npmjs.org/ses/-/ses-0.18.2.tgz",
      "integrity": "sha512-AGoYxx1035q60uICxzkqMzzHf6bQuMtgTHWKnmv+qHjY/dAIKMgRT47HY/AdFquGbJCp17AEekBXFbITiS1YUA=="
    }
  }
}
